<Solution>
  <Folder Name="/samples/">
    <Project Path="samples/Vigil.Demo/Vigil.Demo.csproj" />
  </Folder>
  <Folder Name="/src/">
    <Project Path="src/Vigil.Client.Serilog/Vigil.Client.Serilog.csproj" />
    <Project Path="src/Vigil.Client/Vigil.Client.csproj" />
    <Project Path="src/Vigil.Protocol/Vigil.Protocol.csproj" />
    <Project Path="src/Vigil.Server/Vigil.Server.csproj" />
  </Folder>
  <Folder Name="/tests/">
    <Project Path="tests/Vigil.Tests/Vigil.Tests.csproj" />
  </Folder>
</Solution>
